// !$*UTF8*$!
{
	archiveVersion = 1;
	classes = {
	};
	objectVersion = 56;
	objects = {

/* Begin PBXBuildFile section */
		500000012C63E00100000001 /* App/WakeWakeApp.swift in Sources */ = {isa = PBXBuildFile; fileRef = 500000012C63E00000000001 /* App/WakeWakeApp.swift */; };
		500000022C63E00100000001 /* App/AppDelegate.swift in Sources */ = {isa = PBXBuildFile; fileRef = 500000022C63E00000000001 /* App/AppDelegate.swift */; };
		500000032C63E00100000001 /* Models/Alarm.swift in Sources */ = {isa = PBXBuildFile; fileRef = 500000032C63E00000000001 /* Models/Alarm.swift */; };
		500000042C63E00100000001 /* Models/Mission.swift in Sources */ = {isa = PBXBuildFile; fileRef = 500000042C63E00000000001 /* Models/Mission.swift */; };
		500000052C63E00100000001 /* Models/AlarmSound.swift in Sources */ = {isa = PBXBuildFile; fileRef = 500000052C63E00000000001 /* Models/AlarmSound.swift */; };
		500000062C63E00100000001 /* Services/NotificationService.swift in Sources */ = {isa = PBXBuildFile; fileRef = 500000062C63E00000000001 /* Services/NotificationService.swift */; };
		500000072C63E00100000001 /* Services/AudioService.swift in Sources */ = {isa = PBXBuildFile; fileRef = 500000072C63E00000000001 /* Services/AudioService.swift */; };
		500000082C63E00100000001 /* Services/MotionService.swift in Sources */ = {isa = PBXBuildFile; fileRef = 500000082C63E00000000001 /* Services/MotionService.swift */; };
		500000092C63E00100000001 /* Services/HapticService.swift in Sources */ = {isa = PBXBuildFile; fileRef = 500000092C63E00000000001 /* Services/HapticService.swift */; };
		5000000A2C63E00100000001 /* Services/AlarmScheduler.swift in Sources */ = {isa = PBXBuildFile; fileRef = 5000000A2C63E00000000001 /* Services/AlarmScheduler.swift */; };
		5000000B2C63E00100000001 /* Views/AlarmList/AlarmListView.swift in Sources */ = {isa = PBXBuildFile; fileRef = 5000000B2C63E00000000001 /* Views/AlarmList/AlarmListView.swift */; };
		5000000C2C63E00100000001 /* Views/AlarmList/AlarmRowView.swift in Sources */ = {isa = PBXBuildFile; fileRef = 5000000C2C63E00000000001 /* Views/AlarmList/AlarmRowView.swift */; };
		5000000D2C63E00100000001 /* Views/AlarmList/NightstandClockView.swift in Sources */ = {isa = PBXBuildFile; fileRef = 5000000D2C63E00000000001 /* Views/AlarmList/NightstandClockView.swift */; };
		5000000E2C63E00100000001 /* Views/AlarmEdit/AlarmEditView.swift in Sources */ = {isa = PBXBuildFile; fileRef = 5000000E2C63E00000000001 /* Views/AlarmEdit/AlarmEditView.swift */; };
		5000000F2C63E00100000001 /* Views/AlarmEdit/MissionPickerView.swift in Sources */ = {isa = PBXBuildFile; fileRef = 5000000F2C63E00000000001 /* Views/AlarmEdit/MissionPickerView.swift */; };
		500000102C63E00100000001 /* Views/AlarmEdit/SoundPickerView.swift in Sources */ = {isa = PBXBuildFile; fileRef = 500000102C63E00000000001 /* Views/AlarmEdit/SoundPickerView.swift */; };
		500000112C63E00100000001 /* Views/Ringing/AlarmRingingView.swift in Sources */ = {isa = PBXBuildFile; fileRef = 500000112C63E00000000001 /* Views/Ringing/AlarmRingingView.swift */; };
		500000122C63E00100000001 /* Views/Ringing/MissionContainerView.swift in Sources */ = {isa = PBXBuildFile; fileRef = 500000122C63E00000000001 /* Views/Ringing/MissionContainerView.swift */; };
		500000132C63E00100000001 /* Views/Missions/MathMissionView.swift in Sources */ = {isa = PBXBuildFile; fileRef = 500000132C63E00000000001 /* Views/Missions/MathMissionView.swift */; };
		500000142C63E00100000001 /* Views/Missions/ShakeMissionView.swift in Sources */ = {isa = PBXBuildFile; fileRef = 500000142C63E00000000001 /* Views/Missions/ShakeMissionView.swift */; };
		500000152C63E00100000001 /* Views/Missions/StepsSquatsMissionView.swift in Sources */ = {isa = PBXBuildFile; fileRef = 500000152C63E00000000001 /* Views/Missions/StepsSquatsMissionView.swift */; };
		500000162C63E00100000001 /* Views/Missions/MemoryMissionView.swift in Sources */ = {isa = PBXBuildFile; fileRef = 500000162C63E00000000001 /* Views/Missions/MemoryMissionView.swift */; };
		500000172C63E00100000001 /* Views/Missions/TypingMissionView.swift in Sources */ = {isa = PBXBuildFile; fileRef = 500000172C63E00000000001 /* Views/Missions/TypingMissionView.swift */; };
		500000182C63E00100000001 /* Views/Settings/SettingsView.swift in Sources */ = {isa = PBXBuildFile; fileRef = 500000182C63E00000000001 /* Views/Settings/SettingsView.swift */; };
		500000192C63E00100000001 /* Views/Components/GlassCard.swift in Sources */ = {isa = PBXBuildFile; fileRef = 500000192C63E00000000001 /* Views/Components/GlassCard.swift */; };
		5000001A2C63E00100000001 /* Views/Components/NeonButton.swift in Sources */ = {isa = PBXBuildFile; fileRef = 5000001A2C63E00000000001 /* Views/Components/NeonButton.swift */; };
		5000001B2C63E00100000001 /* Assets.xcassets in Resources */ = {isa = PBXBuildFile; fileRef = 5000001B2C63E00000000001 /* Assets.xcassets */; };
		700000012C63E00100000001 /* Resources/Sounds/radar.mp3 in Resources */ = {isa = PBXBuildFile; fileRef = 700000012C63E00000000001 /* Resources/Sounds/radar.mp3 */; };
		700000022C63E00100000001 /* Resources/Sounds/reflection.mp3 in Resources */ = {isa = PBXBuildFile; fileRef = 700000022C63E00000000001 /* Resources/Sounds/reflection.mp3 */; };
		700000032C63E00100000001 /* Resources/Sounds/chime.mp3 in Resources */ = {isa = PBXBuildFile; fileRef = 700000032C63E00000000001 /* Resources/Sounds/chime.mp3 */; };
		700000042C63E00100000001 /* Resources/Sounds/beacon.mp3 in Resources */ = {isa = PBXBuildFile; fileRef = 700000042C63E00000000001 /* Resources/Sounds/beacon.mp3 */; };
		700000052C63E00100000001 /* Resources/Sounds/apex.mp3 in Resources */ = {isa = PBXBuildFile; fileRef = 700000052C63E00000000001 /* Resources/Sounds/apex.mp3 */; };
		700000062C63E00100000001 /* Resources/Sounds/circuit.mp3 in Resources */ = {isa = PBXBuildFile; fileRef = 700000062C63E00000000001 /* Resources/Sounds/circuit.mp3 */; };
		700000072C63E00100000001 /* Resources/Sounds/signal.mp3 in Resources */ = {isa = PBXBuildFile; fileRef = 700000072C63E00000000001 /* Resources/Sounds/signal.mp3 */; };
		700000082C63E00100000001 /* Resources/Sounds/slow_rise.mp3 in Resources */ = {isa = PBXBuildFile; fileRef = 700000082C63E00000000001 /* Resources/Sounds/slow_rise.mp3 */; };
		600000012C63E00100000001 /* WakeWakeTests/UnitTests/AlarmModelTests.swift in Sources */ = {isa = PBXBuildFile; fileRef = 600000012C63E00000000001 /* WakeWakeTests/UnitTests/AlarmModelTests.swift */; };
		600000022C63E00100000001 /* WakeWakeTests/UnitTests/MathMissionTests.swift in Sources */ = {isa = PBXBuildFile; fileRef = 600000022C63E00000000001 /* WakeWakeTests/UnitTests/MathMissionTests.swift */; };
		600000032C63E00100000001 /* WakeWakeTests/UnitTests/RepeatDayTests.swift in Sources */ = {isa = PBXBuildFile; fileRef = 600000032C63E00000000001 /* WakeWakeTests/UnitTests/RepeatDayTests.swift */; };
		600000042C63E00100000001 /* WakeWakeTests/UnitTests/AlarmSoundTests.swift in Sources */ = {isa = PBXBuildFile; fileRef = 600000042C63E00000000001 /* WakeWakeTests/UnitTests/AlarmSoundTests.swift */; };
		600000052C63E00100000001 /* WakeWakeTests/IntegrationTests/AlarmSchedulerIntegrationTests.swift in Sources */ = {isa = PBXBuildFile; fileRef = 600000052C63E00000000001 /* WakeWakeTests/IntegrationTests/AlarmSchedulerIntegrationTests.swift */; };
		600000062C63E00100000001 /* WakeWakeTests/IntegrationTests/NotificationServiceIntegrationTests.swift in Sources */ = {isa = PBXBuildFile; fileRef = 600000062C63E00000000001 /* WakeWakeTests/IntegrationTests/NotificationServiceIntegrationTests.swift */; };
		600000072C63E00100000001 /* WakeWakeTests/IntegrationTests/AudioServiceIntegrationTests.swift in Sources */ = {isa = PBXBuildFile; fileRef = 600000072C63E00000000001 /* WakeWakeTests/IntegrationTests/AudioServiceIntegrationTests.swift */; };
		600000082C63E00100000001 /* WakeWakeTests/IntegrationTests/MotionServiceIntegrationTests.swift in Sources */ = {isa = PBXBuildFile; fileRef = 600000082C63E00000000001 /* WakeWakeTests/IntegrationTests/MotionServiceIntegrationTests.swift */; };
/* End PBXBuildFile section */

/* Begin PBXContainerItemProxy section */
		200000002C63E00000000001 /* PBXContainerItemProxy */ = {
			isa = PBXContainerItemProxy;
			containerPortal = 100000152C63E00000000001 /* Project object */;
			proxyType = 1;
			remoteGlobalIDString = 100000112C63E00000000001;
			remoteInfo = WakeWake;
		};
/* End PBXContainerItemProxy section */

/* Begin PBXFileReference section */
		500000002C63E00000000001 /* WakeWake.app */ = {isa = PBXFileReference; explicitFileType = wrapper.application; includeInIndex = 0; path = WakeWake.app; sourceTree = BUILT_PRODUCTS_DIR; };
		500000012C63E00000000001 /* App/WakeWakeApp.swift */ = {isa = PBXFileReference; lastKnownFileType = sourcecode.swift; path = App/WakeWakeApp.swift; sourceTree = "<group>"; };
		500000022C63E00000000001 /* App/AppDelegate.swift */ = {isa = PBXFileReference; lastKnownFileType = sourcecode.swift; path = App/AppDelegate.swift; sourceTree = "<group>"; };
		500000032C63E00000000001 /* Models/Alarm.swift */ = {isa = PBXFileReference; lastKnownFileType = sourcecode.swift; path = Models/Alarm.swift; sourceTree = "<group>"; };
		500000042C63E00000000001 /* Models/Mission.swift */ = {isa = PBXFileReference; lastKnownFileType = sourcecode.swift; path = Models/Mission.swift; sourceTree = "<group>"; };
		500000052C63E00000000001 /* Models/AlarmSound.swift */ = {isa = PBXFileReference; lastKnownFileType = sourcecode.swift; path = Models/AlarmSound.swift; sourceTree = "<group>"; };
		500000062C63E00000000001 /* Services/NotificationService.swift */ = {isa = PBXFileReference; lastKnownFileType = sourcecode.swift; path = Services/NotificationService.swift; sourceTree = "<group>"; };
		500000072C63E00000000001 /* Services/AudioService.swift */ = {isa = PBXFileReference; lastKnownFileType = sourcecode.swift; path = Services/AudioService.swift; sourceTree = "<group>"; };
		500000082C63E00000000001 /* Services/MotionService.swift */ = {isa = PBXFileReference; lastKnownFileType = sourcecode.swift; path = Services/MotionService.swift; sourceTree = "<group>"; };
		500000092C63E00000000001 /* Services/HapticService.swift */ = {isa = PBXFileReference; lastKnownFileType = sourcecode.swift; path = Services/HapticService.swift; sourceTree = "<group>"; };
		5000000A2C63E00000000001 /* Services/AlarmScheduler.swift */ = {isa = PBXFileReference; lastKnownFileType = sourcecode.swift; path = Services/AlarmScheduler.swift; sourceTree = "<group>"; };
		5000000B2C63E00000000001 /* Views/AlarmList/AlarmListView.swift */ = {isa = PBXFileReference; lastKnownFileType = sourcecode.swift; path = Views/AlarmList/AlarmListView.swift; sourceTree = "<group>"; };
		5000000C2C63E00000000001 /* Views/AlarmList/AlarmRowView.swift */ = {isa = PBXFileReference; lastKnownFileType = sourcecode.swift; path = Views/AlarmList/AlarmRowView.swift; sourceTree = "<group>"; };
		5000000D2C63E00000000001 /* Views/AlarmList/NightstandClockView.swift */ = {isa = PBXFileReference; lastKnownFileType = sourcecode.swift; path = Views/AlarmList/NightstandClockView.swift; sourceTree = "<group>"; };
		5000000E2C63E00000000001 /* Views/AlarmEdit/AlarmEditView.swift */ = {isa = PBXFileReference; lastKnownFileType = sourcecode.swift; path = Views/AlarmEdit/AlarmEditView.swift; sourceTree = "<group>"; };
		5000000F2C63E00000000001 /* Views/AlarmEdit/MissionPickerView.swift */ = {isa = PBXFileReference; lastKnownFileType = sourcecode.swift; path = Views/AlarmEdit/MissionPickerView.swift; sourceTree = "<group>"; };
		500000102C63E00000000001 /* Views/AlarmEdit/SoundPickerView.swift */ = {isa = PBXFileReference; lastKnownFileType = sourcecode.swift; path = Views/AlarmEdit/SoundPickerView.swift; sourceTree = "<group>"; };
		500000112C63E00000000001 /* Views/Ringing/AlarmRingingView.swift */ = {isa = PBXFileReference; lastKnownFileType = sourcecode.swift; path = Views/Ringing/AlarmRingingView.swift; sourceTree = "<group>"; };
		500000122C63E00000000001 /* Views/Ringing/MissionContainerView.swift */ = {isa = PBXFileReference; lastKnownFileType = sourcecode.swift; path = Views/Ringing/MissionContainerView.swift; sourceTree = "<group>"; };
		500000132C63E00000000001 /* Views/Missions/MathMissionView.swift */ = {isa = PBXFileReference; lastKnownFileType = sourcecode.swift; path = Views/Missions/MathMissionView.swift; sourceTree = "<group>"; };
		500000142C63E00000000001 /* Views/Missions/ShakeMissionView.swift */ = {isa = PBXFileReference; lastKnownFileType = sourcecode.swift; path = Views/Missions/ShakeMissionView.swift; sourceTree = "<group>"; };
		500000152C63E00000000001 /* Views/Missions/StepsSquatsMissionView.swift */ = {isa = PBXFileReference; lastKnownFileType = sourcecode.swift; path = Views/Missions/StepsSquatsMissionView.swift; sourceTree = "<group>"; };
		500000162C63E00000000001 /* Views/Missions/MemoryMissionView.swift */ = {isa = PBXFileReference; lastKnownFileType = sourcecode.swift; path = Views/Missions/MemoryMissionView.swift; sourceTree = "<group>"; };
		500000172C63E00000000001 /* Views/Missions/TypingMissionView.swift */ = {isa = PBXFileReference; lastKnownFileType = sourcecode.swift; path = Views/Missions/TypingMissionView.swift; sourceTree = "<group>"; };
		500000182C63E00000000001 /* Views/Settings/SettingsView.swift */ = {isa = PBXFileReference; lastKnownFileType = sourcecode.swift; path = Views/Settings/SettingsView.swift; sourceTree = "<group>"; };
		500000192C63E00000000001 /* Views/Components/GlassCard.swift */ = {isa = PBXFileReference; lastKnownFileType = sourcecode.swift; path = Views/Components/GlassCard.swift; sourceTree = "<group>"; };
		5000001A2C63E00000000001 /* Views/Components/NeonButton.swift */ = {isa = PBXFileReference; lastKnownFileType = sourcecode.swift; path = Views/Components/NeonButton.swift; sourceTree = "<group>"; };
		5000001B2C63E00000000001 /* Assets.xcassets */ = {isa = PBXFileReference; lastKnownFileType = folder.assetcatalog; path = Assets.xcassets; sourceTree = "<group>"; };
		700000012C63E00000000001 /* Resources/Sounds/radar.mp3 */ = {isa = PBXFileReference; lastKnownFileType = audio.mp3; path = Resources/Sounds/radar.mp3; sourceTree = "<group>"; };
		700000022C63E00000000001 /* Resources/Sounds/reflection.mp3 */ = {isa = PBXFileReference; lastKnownFileType = audio.mp3; path = Resources/Sounds/reflection.mp3; sourceTree = "<group>"; };
		700000032C63E00000000001 /* Resources/Sounds/chime.mp3 */ = {isa = PBXFileReference; lastKnownFileType = audio.mp3; path = Resources/Sounds/chime.mp3; sourceTree = "<group>"; };
		700000042C63E00000000001 /* Resources/Sounds/beacon.mp3 */ = {isa = PBXFileReference; lastKnownFileType = audio.mp3; path = Resources/Sounds/beacon.mp3; sourceTree = "<group>"; };
		700000052C63E00000000001 /* Resources/Sounds/apex.mp3 */ = {isa = PBXFileReference; lastKnownFileType = audio.mp3; path = Resources/Sounds/apex.mp3; sourceTree = "<group>"; };
		700000062C63E00000000001 /* Resources/Sounds/circuit.mp3 */ = {isa = PBXFileReference; lastKnownFileType = audio.mp3; path = Resources/Sounds/circuit.mp3; sourceTree = "<group>"; };
		700000072C63E00000000001 /* Resources/Sounds/signal.mp3 */ = {isa = PBXFileReference; lastKnownFileType = audio.mp3; path = Resources/Sounds/signal.mp3; sourceTree = "<group>"; };
		700000082C63E00000000001 /* Resources/Sounds/slow_rise.mp3 */ = {isa = PBXFileReference; lastKnownFileType = audio.mp3; path = Resources/Sounds/slow_rise.mp3; sourceTree = "<group>"; };
		5000001C2C63E00000000001 /* App/Info.plist */ = {isa = PBXFileReference; lastKnownFileType = text.plist.xml; path = App/Info.plist; sourceTree = "<group>"; };
		5000001D2C63E00000000001 /* Entitlements/WakeWake.entitlements */ = {isa = PBXFileReference; lastKnownFileType = text.plist.entitlements; path = Entitlements/WakeWake.entitlements; sourceTree = "<group>"; };
		600000002C63E00000000001 /* WakeWakeTests.xctest */ = {isa = PBXFileReference; explicitFileType = wrapper.cfbundle; includeInIndex = 0; path = WakeWakeTests.xctest; sourceTree = BUILT_PRODUCTS_DIR; };
		600000012C63E00000000001 /* UnitTests/AlarmModelTests.swift */ = {isa = PBXFileReference; lastKnownFileType = sourcecode.swift; path = UnitTests/AlarmModelTests.swift; sourceTree = "<group>"; };
		600000022C63E00000000001 /* UnitTests/MathMissionTests.swift */ = {isa = PBXFileReference; lastKnownFileType = sourcecode.swift; path = UnitTests/MathMissionTests.swift; sourceTree = "<group>"; };
		600000032C63E00000000001 /* UnitTests/RepeatDayTests.swift */ = {isa = PBXFileReference; lastKnownFileType = sourcecode.swift; path = UnitTests/RepeatDayTests.swift; sourceTree = "<group>"; };
		600000042C63E00000000001 /* UnitTests/AlarmSoundTests.swift */ = {isa = PBXFileReference; lastKnownFileType = sourcecode.swift; path = UnitTests/AlarmSoundTests.swift; sourceTree = "<group>"; };
		600000052C63E00000000001 /* IntegrationTests/AlarmSchedulerIntegrationTests.swift */ = {isa = PBXFileReference; lastKnownFileType = sourcecode.swift; path = IntegrationTests/AlarmSchedulerIntegrationTests.swift; sourceTree = "<group>"; };
		600000062C63E00000000001 /* IntegrationTests/NotificationServiceIntegrationTests.swift */ = {isa = PBXFileReference; lastKnownFileType = sourcecode.swift; path = IntegrationTests/NotificationServiceIntegrationTests.swift; sourceTree = "<group>"; };
		600000072C63E00000000001 /* IntegrationTests/AudioServiceIntegrationTests.swift */ = {isa = PBXFileReference; lastKnownFileType = sourcecode.swift; path = IntegrationTests/AudioServiceIntegrationTests.swift; sourceTree = "<group>"; };
		600000082C63E00000000001 /* IntegrationTests/MotionServiceIntegrationTests.swift */ = {isa = PBXFileReference; lastKnownFileType = sourcecode.swift; path = IntegrationTests/MotionServiceIntegrationTests.swift; sourceTree = "<group>"; };
/* End PBXFileReference section */

/* Begin PBXFrameworksBuildPhase section */
		1000003E2C63E00000000001 /* Frameworks */ = {
			isa = PBXFrameworksBuildPhase;
			buildActionMask = 2147483647;
			files = (
			);
			runOnlyForDeploymentPostprocessing = 0;
		};
		2000000E2C63E00000000001 /* Frameworks */ = {
			isa = PBXFrameworksBuildPhase;
			buildActionMask = 2147483647;
			files = (
			);
			runOnlyForDeploymentPostprocessing = 0;
		};
/* End PBXFrameworksBuildPhase section */

/* Begin PBXGroup section */
		1000000F2C63E00000000001 = {
			isa = PBXGroup;
			children = (
				100000102C63E00000000001 /* WakeWake */,
				200000102C63E00000000001 /* WakeWakeTests */,
				500000002C63E00000000001 /* WakeWake.app */,
				600000002C63E00000000001 /* WakeWakeTests.xctest */,
			);
			sourceTree = "<group>";
		};
		100000102C63E00000000001 /* WakeWake */ = {
			isa = PBXGroup;
			children = (
				500000012C63E00000000001 /* App/WakeWakeApp.swift */,
				500000022C63E00000000001 /* App/AppDelegate.swift */,
				500000032C63E00000000001 /* Models/Alarm.swift */,
				500000042C63E00000000001 /* Models/Mission.swift */,
				500000052C63E00000000001 /* Models/AlarmSound.swift */,
				500000062C63E00000000001 /* Services/NotificationService.swift */,
				500000072C63E00000000001 /* Services/AudioService.swift */,
				500000082C63E00000000001 /* Services/MotionService.swift */,
				500000092C63E00000000001 /* Services/HapticService.swift */,
				5000000A2C63E00000000001 /* Services/AlarmScheduler.swift */,
				5000000B2C63E00000000001 /* Views/AlarmList/AlarmListView.swift */,
				5000000C2C63E00000000001 /* Views/AlarmList/AlarmRowView.swift */,
				5000000D2C63E00000000001 /* Views/AlarmList/NightstandClockView.swift */,
				5000000E2C63E00000000001 /* Views/AlarmEdit/AlarmEditView.swift */,
				5000000F2C63E00000000001 /* Views/AlarmEdit/MissionPickerView.swift */,
				500000102C63E00000000001 /* Views/AlarmEdit/SoundPickerView.swift */,
				500000112C63E00000000001 /* Views/Ringing/AlarmRingingView.swift */,
				500000122C63E00000000001 /* Views/Ringing/MissionContainerView.swift */,
				500000132C63E00000000001 /* Views/Missions/MathMissionView.swift */,
				500000142C63E00000000001 /* Views/Missions/ShakeMissionView.swift */,
				500000152C63E00000000001 /* Views/Missions/StepsSquatsMissionView.swift */,
				500000162C63E00000000001 /* Views/Missions/MemoryMissionView.swift */,
				500000172C63E00000000001 /* Views/Missions/TypingMissionView.swift */,
				500000182C63E00000000001 /* Views/Settings/SettingsView.swift */,
				500000192C63E00000000001 /* Views/Components/GlassCard.swift */,
				5000001A2C63E00000000001 /* Views/Components/NeonButton.swift */,
				5000001B2C63E00000000001 /* Assets.xcassets */,
				700000012C63E00000000001 /* Resources/Sounds/radar.mp3 */,
				700000022C63E00000000001 /* Resources/Sounds/reflection.mp3 */,
				700000032C63E00000000001 /* Resources/Sounds/chime.mp3 */,
				700000042C63E00000000001 /* Resources/Sounds/beacon.mp3 */,
				700000052C63E00000000001 /* Resources/Sounds/apex.mp3 */,
				700000062C63E00000000001 /* Resources/Sounds/circuit.mp3 */,
				700000072C63E00000000001 /* Resources/Sounds/signal.mp3 */,
				700000082C63E00000000001 /* Resources/Sounds/slow_rise.mp3 */,
				5000001C2C63E00000000001 /* App/Info.plist */,
				5000001D2C63E00000000001 /* Entitlements/WakeWake.entitlements */,
			);
			path = WakeWake;
			sourceTree = "<group>";
		};
		200000102C63E00000000001 /* WakeWakeTests */ = {
			isa = PBXGroup;
			children = (
				600000012C63E00000000001 /* WakeWakeTests/UnitTests/AlarmModelTests.swift */,
				600000022C63E00000000001 /* WakeWakeTests/UnitTests/MathMissionTests.swift */,
				600000032C63E00000000001 /* WakeWakeTests/UnitTests/RepeatDayTests.swift */,
				600000042C63E00000000001 /* WakeWakeTests/UnitTests/AlarmSoundTests.swift */,
				600000052C63E00000000001 /* WakeWakeTests/IntegrationTests/AlarmSchedulerIntegrationTests.swift */,
				600000062C63E00000000001 /* WakeWakeTests/IntegrationTests/NotificationServiceIntegrationTests.swift */,
				600000072C63E00000000001 /* WakeWakeTests/IntegrationTests/AudioServiceIntegrationTests.swift */,
				600000082C63E00000000001 /* WakeWakeTests/IntegrationTests/MotionServiceIntegrationTests.swift */,
			);
			path = WakeWakeTests;
			sourceTree = "<group>";
		};
/* End PBXGroup section */

/* Begin PBXNativeTarget section */
		100000112C63E00000000001 /* WakeWake */ = {
			isa = PBXNativeTarget;
			buildConfigurationList = 100000142C63E00000000001 /* Build configuration list for PBXNativeTarget "WakeWake" */;
			buildPhases = (
				100000122C63E00000000001 /* Sources */,
				1000003E2C63E00000000001 /* Frameworks */,
				100000132C63E00000000001 /* Resources */,
			);
			buildRules = (
			);
			dependencies = (
			);
			name = WakeWake;
			productName = WakeWake;
			productReference = 500000002C63E00000000001 /* WakeWake.app */;
			productType = "com.apple.product-type.application";
		};
		200000112C63E00000000001 /* WakeWakeTests */ = {
			isa = PBXNativeTarget;
			buildConfigurationList = 200000142C63E00000000001 /* Build configuration list for PBXNativeTarget "WakeWakeTests" */;
			buildPhases = (
				200000122C63E00000000001 /* Sources */,
				2000000E2C63E00000000001 /* Frameworks */,
			);
			buildRules = (
			);
			dependencies = (
				200000012C63E00000000002 /* PBXTargetDependency */,
			);
			name = WakeWakeTests;
			productName = WakeWakeTests;
			productReference = 600000002C63E00000000001 /* WakeWakeTests.xctest */;
			productType = "com.apple.product-type.bundle.unit-test";
		};
/* End PBXNativeTarget section */

/* Begin PBXProject section */
		100000152C63E00000000001 /* Project object */ = {
			isa = PBXProject;
			attributes = {
				BuildIndependentTargetsInParallel = 1;
				LastSwiftUpdateCheck = 1500;
				LastUpgradeCheck = 2660;
				TargetAttributes = {
					100000112C63E00000000001 = {
						CreatedOnToolsVersion = 15.0;
					};
					200000112C63E00000000001 = {
						CreatedOnToolsVersion = 15.0;
						TestTargetID = 100000112C63E00000000001;
					};
				};
			};
			buildConfigurationList = 100000162C63E00000000001 /* Build configuration list for PBXProject "WakeWake" */;
			compatibilityVersion = "Xcode 14.0";
			developmentRegion = en;
			hasScannedForEncodings = 0;
			knownRegions = (
				en,
				Base,
			);
			mainGroup = 1000000F2C63E00000000001;
			productRefGroup = 1000000F2C63E00000000001;
			projectDirPath = "";
			projectRoot = "";
			targets = (
				100000112C63E00000000001 /* WakeWake */,
				200000112C63E00000000001 /* WakeWakeTests */,
			);
		};
/* End PBXProject section */

/* Begin PBXResourcesBuildPhase section */
		100000132C63E00000000001 /* Resources */ = {
			isa = PBXResourcesBuildPhase;
			buildActionMask = 2147483647;
			files = (
				5000001B2C63E00100000001 /* Assets.xcassets in Resources */,
				700000012C63E00100000001 /* Resources/Sounds/radar.mp3 in Resources */,
				700000022C63E00100000001 /* Resources/Sounds/reflection.mp3 in Resources */,
				700000032C63E00100000001 /* Resources/Sounds/chime.mp3 in Resources */,
				700000042C63E00100000001 /* Resources/Sounds/beacon.mp3 in Resources */,
				700000052C63E00100000001 /* Resources/Sounds/apex.mp3 in Resources */,
				700000062C63E00100000001 /* Resources/Sounds/circuit.mp3 in Resources */,
				700000072C63E00100000001 /* Resources/Sounds/signal.mp3 in Resources */,
				700000082C63E00100000001 /* Resources/Sounds/slow_rise.mp3 in Resources */,
			);
			runOnlyForDeploymentPostprocessing = 0;
		};
/* End PBXResourcesBuildPhase section */

/* Begin PBXSourcesBuildPhase section */
		100000122C63E00000000001 /* Sources */ = {
			isa = PBXSourcesBuildPhase;
			buildActionMask = 2147483647;
			files = (
				500000012C63E00100000001 /* App/WakeWakeApp.swift in Sources */,
				500000022C63E00100000001 /* App/AppDelegate.swift in Sources */,
				500000032C63E00100000001 /* Models/Alarm.swift in Sources */,
				500000042C63E00100000001 /* Models/Mission.swift in Sources */,
				500000052C63E00100000001 /* Models/AlarmSound.swift in Sources */,
				500000062C63E00100000001 /* Services/NotificationService.swift in Sources */,
				500000072C63E00100000001 /* Services/AudioService.swift in Sources */,
				500000082C63E00100000001 /* Services/MotionService.swift in Sources */,
				500000092C63E00100000001 /* Services/HapticService.swift in Sources */,
				5000000A2C63E00100000001 /* Services/AlarmScheduler.swift in Sources */,
				5000000B2C63E00100000001 /* Views/AlarmList/AlarmListView.swift in Sources */,
				5000000C2C63E00100000001 /* Views/AlarmList/AlarmRowView.swift in Sources */,
				5000000D2C63E00100000001 /* Views/AlarmList/NightstandClockView.swift in Sources */,
				5000000E2C63E00100000001 /* Views/AlarmEdit/AlarmEditView.swift in Sources */,
				5000000F2C63E00100000001 /* Views/AlarmEdit/MissionPickerView.swift in Sources */,
				500000102C63E00100000001 /* Views/AlarmEdit/SoundPickerView.swift in Sources */,
				500000112C63E00100000001 /* Views/Ringing/AlarmRingingView.swift in Sources */,
				500000122C63E00100000001 /* Views/Ringing/MissionContainerView.swift in Sources */,
				500000132C63E00100000001 /* Views/Missions/MathMissionView.swift in Sources */,
				500000142C63E00100000001 /* Views/Missions/ShakeMissionView.swift in Sources */,
				500000152C63E00100000001 /* Views/Missions/StepsSquatsMissionView.swift in Sources */,
				500000162C63E00100000001 /* Views/Missions/MemoryMissionView.swift in Sources */,
				500000172C63E00100000001 /* Views/Missions/TypingMissionView.swift in Sources */,
				500000182C63E00100000001 /* Views/Settings/SettingsView.swift in Sources */,
				500000192C63E00100000001 /* Views/Components/GlassCard.swift in Sources */,
				5000001A2C63E00100000001 /* Views/Components/NeonButton.swift in Sources */,
			);
			runOnlyForDeploymentPostprocessing = 0;
		};
		200000122C63E00000000001 /* Sources */ = {
			isa = PBXSourcesBuildPhase;
			buildActionMask = 2147483647;
			files = (
				600000012C63E00100000001 /* WakeWakeTests/UnitTests/AlarmModelTests.swift in Sources */,
				600000022C63E00100000001 /* WakeWakeTests/UnitTests/MathMissionTests.swift in Sources */,
				600000032C63E00100000001 /* WakeWakeTests/UnitTests/RepeatDayTests.swift in Sources */,
				600000042C63E00100000001 /* WakeWakeTests/UnitTests/AlarmSoundTests.swift in Sources */,
				600000052C63E00100000001 /* WakeWakeTests/IntegrationTests/AlarmSchedulerIntegrationTests.swift in Sources */,
				600000062C63E00100000001 /* WakeWakeTests/IntegrationTests/NotificationServiceIntegrationTests.swift in Sources */,
				600000072C63E00100000001 /* WakeWakeTests/IntegrationTests/AudioServiceIntegrationTests.swift in Sources */,
				600000082C63E00100000001 /* WakeWakeTests/IntegrationTests/MotionServiceIntegrationTests.swift in Sources */,
			);
			runOnlyForDeploymentPostprocessing = 0;
		};
/* End PBXSourcesBuildPhase section */

/* Begin PBXTargetDependency section */
		200000012C63E00000000002 /* PBXTargetDependency */ = {
			isa = PBXTargetDependency;
			target = 100000112C63E00000000001 /* WakeWake */;
			targetProxy = 200000002C63E00000000001 /* PBXContainerItemProxy */;
		};
/* End PBXTargetDependency section */

/* Begin XCBuildConfiguration section */
		100000172C63E00000000001 /* Debug */ = {
			isa = XCBuildConfiguration;
			buildSettings = {
				ALWAYS_SEARCH_USER_PATHS = NO;
				CLANG_ANALYZER_NONNULL = YES;
				CLANG_CXX_LANGUAGE_STANDARD = "gnu++20";
				CLANG_ENABLE_MODULES = YES;
				CLANG_ENABLE_OBJC_ARC = YES;
				CODE_SIGN_ENTITLEMENTS = WakeWake/Entitlements/WakeWake.entitlements;
				CODE_SIGN_STYLE = Automatic;
				CURRENT_PROJECT_VERSION = 1;
				DEVELOPMENT_TEAM = YVZG5QKT42;
				GENERATE_INFOPLIST_FILE = NO;
				INFOPLIST_FILE = WakeWake/App/Info.plist;
				IPHONEOS_DEPLOYMENT_TARGET = 17.0;
				LD_RUNPATH_SEARCH_PATHS = (
					"$(inherited)",
					"@executable_path/Frameworks",
				);
				MARKETING_VERSION = 1.0;
				PRODUCT_BUNDLE_IDENTIFIER = com.wakewake.actionalarm;
				PRODUCT_NAME = "$(TARGET_NAME)";
				SWIFT_EMIT_LOC_TARGETS = YES;
				SWIFT_VERSION = 5.0;
				TARGETED_DEVICE_FAMILY = "1,2";
			};
			name = Debug;
		};
		100000182C63E00000000001 /* Release */ = {
			isa = XCBuildConfiguration;
			buildSettings = {
				ALWAYS_SEARCH_USER_PATHS = NO;
				CLANG_ANALYZER_NONNULL = YES;
				CLANG_CXX_LANGUAGE_STANDARD = "gnu++20";
				CLANG_ENABLE_MODULES = YES;
				CLANG_ENABLE_OBJC_ARC = YES;
				CODE_SIGN_ENTITLEMENTS = WakeWake/Entitlements/WakeWake.entitlements;
				CODE_SIGN_STYLE = Automatic;
				CURRENT_PROJECT_VERSION = 1;
				DEVELOPMENT_TEAM = YVZG5QKT42;
				GENERATE_INFOPLIST_FILE = NO;
				INFOPLIST_FILE = WakeWake/App/Info.plist;
				IPHONEOS_DEPLOYMENT_TARGET = 17.0;
				LD_RUNPATH_SEARCH_PATHS = (
					"$(inherited)",
					"@executable_path/Frameworks",
				);
				MARKETING_VERSION = 1.0;
				PRODUCT_BUNDLE_IDENTIFIER = com.wakewake.actionalarm;
				PRODUCT_NAME = "$(TARGET_NAME)";
				SWIFT_EMIT_LOC_TARGETS = YES;
				SWIFT_VERSION = 5.0;
				TARGETED_DEVICE_FAMILY = "1,2";
			};
			name = Release;
		};
		100000192C63E00000000001 /* Debug */ = {
			isa = XCBuildConfiguration;
			buildSettings = {
				ALWAYS_SEARCH_USER_PATHS = NO;
				CLANG_ANALYZER_NONNULL = YES;
				CLANG_ENABLE_MODULES = YES;
				CLANG_WARN_BLOCK_CAPTURE_AUTORELEASING = YES;
				CLANG_WARN_BOOL_CONVERSION = YES;
				CLANG_WARN_COMMA = YES;
				CLANG_WARN_CONSTANT_CONVERSION = YES;
				CLANG_WARN_DEPRECATED_OBJC_IMPLEMENTATIONS = YES;
				CLANG_WARN_EMPTY_BODY = YES;
				CLANG_WARN_ENUM_CONVERSION = YES;
				CLANG_WARN_INFINITE_RECURSION = YES;
				CLANG_WARN_INT_CONVERSION = YES;
				CLANG_WARN_NON_LITERAL_NULL_CONVERSION = YES;
				CLANG_WARN_OBJC_IMPLICIT_RETAIN_SELF = YES;
				CLANG_WARN_OBJC_LITERAL_CONVERSION = YES;
				CLANG_WARN_QUOTED_INCLUDE_IN_FRAMEWORK_HEADER = YES;
				CLANG_WARN_RANGE_LOOP_ANALYSIS = YES;
				CLANG_WARN_STRICT_PROTOTYPES = YES;
				CLANG_WARN_SUSPICIOUS_MOVE = YES;
				CLANG_WARN_UNREACHABLE_CODE = YES;
				CLANG_WARN__DUPLICATE_METHOD_MATCH = YES;
				COPY_PHASE_STRIP = NO;
				DEBUG_INFORMATION_FORMAT = dwarf;
				ENABLE_STRICT_OBJC_MSGSEND = YES;
				ENABLE_TESTABILITY = YES;
				ENABLE_USER_SCRIPT_SANDBOXING = YES;
				GCC_DYNAMIC_NO_PIC = NO;
				GCC_NO_COMMON_BLOCKS = YES;
				GCC_OPTIMIZATION_LEVEL = 0;
				GCC_PREPROCESSOR_DEFINITIONS = (
					"DEBUG=1",
					"$(inherited)",
				);
				GCC_WARN_64_TO_32_BIT_CONVERSION = YES;
				GCC_WARN_ABOUT_RETURN_TYPE = YES_ERROR;
				GCC_WARN_UNDECLARED_SELECTOR = YES;
				GCC_WARN_UNINITIALIZED_AUTOS = YES_AGGRESSIVE;
				GCC_WARN_UNUSED_FUNCTION = YES;
				GCC_WARN_UNUSED_VARIABLE = YES;
				IPHONEOS_DEPLOYMENT_TARGET = 17.0;
				MTL_ENABLE_DEBUG_INFO = INCLUDE_SOURCE;
				MTL_FAST_MATH = YES;
				ONLY_ACTIVE_ARCH = YES;
				SDKROOT = iphoneos;
				STRING_CATALOG_GENERATE_SYMBOLS = YES;
				SWIFT_ACTIVE_COMPILATION_CONDITIONS = DEBUG;
				SWIFT_OPTIMIZATION_LEVEL = "-Onone";
			};
			name = Debug;
		};
		1000001A2C63E00000000001 /* Release */ = {
			isa = XCBuildConfiguration;
			buildSettings = {
				ALWAYS_SEARCH_USER_PATHS = NO;
				CLANG_ANALYZER_NONNULL = YES;
				CLANG_ENABLE_MODULES = YES;
				CLANG_WARN_BLOCK_CAPTURE_AUTORELEASING = YES;
				CLANG_WARN_BOOL_CONVERSION = YES;
				CLANG_WARN_COMMA = YES;
				CLANG_WARN_CONSTANT_CONVERSION = YES;
				CLANG_WARN_DEPRECATED_OBJC_IMPLEMENTATIONS = YES;
				CLANG_WARN_EMPTY_BODY = YES;
				CLANG_WARN_ENUM_CONVERSION = YES;
				CLANG_WARN_INFINITE_RECURSION = YES;
				CLANG_WARN_INT_CONVERSION = YES;
				CLANG_WARN_NON_LITERAL_NULL_CONVERSION = YES;
				CLANG_WARN_OBJC_IMPLICIT_RETAIN_SELF = YES;
				CLANG_WARN_OBJC_LITERAL_CONVERSION = YES;
				CLANG_WARN_QUOTED_INCLUDE_IN_FRAMEWORK_HEADER = YES;
				CLANG_WARN_RANGE_LOOP_ANALYSIS = YES;
				CLANG_WARN_STRICT_PROTOTYPES = YES;
				CLANG_WARN_SUSPICIOUS_MOVE = YES;
				CLANG_WARN_UNREACHABLE_CODE = YES;
				CLANG_WARN__DUPLICATE_METHOD_MATCH = YES;
				COPY_PHASE_STRIP = YES;
				DEBUG_INFORMATION_FORMAT = "dwarf-with-dsym";
				ENABLE_NS_ASSERTIONS = NO;
				ENABLE_STRICT_OBJC_MSGSEND = YES;
				ENABLE_USER_SCRIPT_SANDBOXING = YES;
				GCC_NO_COMMON_BLOCKS = YES;
				GCC_WARN_64_TO_32_BIT_CONVERSION = YES;
				GCC_WARN_ABOUT_RETURN_TYPE = YES_ERROR;
				GCC_WARN_UNDECLARED_SELECTOR = YES;
				GCC_WARN_UNINITIALIZED_AUTOS = YES_AGGRESSIVE;
				GCC_WARN_UNUSED_FUNCTION = YES;
				GCC_WARN_UNUSED_VARIABLE = YES;
				IPHONEOS_DEPLOYMENT_TARGET = 17.0;
				MTL_ENABLE_DEBUG_INFO = NO;
				MTL_FAST_MATH = YES;
				SDKROOT = iphoneos;
				STRING_CATALOG_GENERATE_SYMBOLS = YES;
				SWIFT_COMPILATION_MODE = wholemodule;
				SWIFT_OPTIMIZATION_LEVEL = "-O";
				VALIDATE_PRODUCT = YES;
			};
			name = Release;
		};
		200000172C63E00000000001 /* Debug */ = {
			isa = XCBuildConfiguration;
			buildSettings = {
				BUNDLE_LOADER = "$(TEST_HOST)";
				CLANG_ENABLE_OBJC_WEAK = YES;
				GENERATE_INFOPLIST_FILE = YES;
				IPHONEOS_DEPLOYMENT_TARGET = 17.0;
				PRODUCT_BUNDLE_IDENTIFIER = com.wakewake.actionalarmtests;
				PRODUCT_NAME = "$(TARGET_NAME)";
				SWIFT_VERSION = 5.0;
				TEST_HOST = "$(BUILT_PRODUCTS_DIR)/WakeWake.app/$(BUNDLE_EXECUTABLE_FOLDER_PATH)/WakeWake";
			};
			name = Debug;
		};
		200000182C63E00000000001 /* Release */ = {
			isa = XCBuildConfiguration;
			buildSettings = {
				BUNDLE_LOADER = "$(TEST_HOST)";
				CLANG_ENABLE_OBJC_WEAK = YES;
				GENERATE_INFOPLIST_FILE = YES;
				IPHONEOS_DEPLOYMENT_TARGET = 17.0;
				PRODUCT_BUNDLE_IDENTIFIER = com.wakewake.actionalarmtests;
				PRODUCT_NAME = "$(TARGET_NAME)";
				SWIFT_VERSION = 5.0;
				TEST_HOST = "$(BUILT_PRODUCTS_DIR)/WakeWake.app/$(BUNDLE_EXECUTABLE_FOLDER_PATH)/WakeWake";
			};
			name = Release;
		};
/* End XCBuildConfiguration section */

/* Begin XCConfigurationList section */
		100000142C63E00000000001 /* Build configuration list for PBXNativeTarget "WakeWake" */ = {
			isa = XCConfigurationList;
			buildConfigurations = (
				100000172C63E00000000001 /* Debug */,
				100000182C63E00000000001 /* Release */,
			);
			defaultConfigurationIsVisible = 0;
			defaultConfigurationName = Release;
		};
		100000162C63E00000000001 /* Build configuration list for PBXProject "WakeWake" */ = {
			isa = XCConfigurationList;
			buildConfigurations = (
				100000192C63E00000000001 /* Debug */,
				1000001A2C63E00000000001 /* Release */,
			);
			defaultConfigurationIsVisible = 0;
			defaultConfigurationName = Release;
		};
		200000142C63E00000000001 /* Build configuration list for PBXNativeTarget "WakeWakeTests" */ = {
			isa = XCConfigurationList;
			buildConfigurations = (
				200000172C63E00000000001 /* Debug */,
				200000182C63E00000000001 /* Release */,
			);
			defaultConfigurationIsVisible = 0;
			defaultConfigurationName = Release;
		};
/* End XCConfigurationList section */
	};
	rootObject = 100000152C63E00000000001 /* Project object */;
}
